
Microsoft Visual Studio Solution File, Format Version 12.00
Project("{FAE04EC0-301F-11D3-BF4B-00C04F79EFBC}") = "DiscordGitToolbox.App", "DiscordGitToolbox.App\DiscordGitToolbox.App.csproj", "{2675044C-526E-4866-90BE-D948B3BD8E8B}"
EndProject
Global
	GlobalSection(SolutionConfigurationPlatforms) = preSolution
		Debug|Any CPU = Debug|Any CPU
		Release|Any CPU = Release|Any CPU
	EndGlobalSection
	GlobalSection(ProjectConfigurationPlatforms) = postSolution
		{2675044C-526E-4866-90BE-D948B3BD8E8B}.Debug|Any CPU.ActiveCfg = Debug|Any CPU
		{2675044C-526E-4866-90BE-D948B3BD8E8B}.Debug|Any CPU.Build.0 = Debug|Any CPU
		{2675044C-526E-4866-90BE-D948B3BD8E8B}.Release|Any CPU.ActiveCfg = Release|Any CPU
		{2675044C-526E-4866-90BE-D948B3BD8E8B}.Release|Any CPU.Build.0 = Release|Any CPU
	EndGlobalSection
EndGlobal
