
Microsoft Visual Studio Solution File, Format Version 12.00
Project("{FAE04EC0-301F-11D3-BF4B-00C04F79EFBC}") = "DiscordGitToolbox.Core", "DiscordGitToolbox.Core\DiscordGitToolbox.Core.csproj", "{D057906A-1CB5-42AE-9054-45670478AEFE}"
EndProject
Project("{FAE04EC0-301F-11D3-BF4B-00C04F79EFBC}") = "DiscordGitToolbox.GitHub", "DiscordGitToolbox.GitHub\DiscordGitToolbox.GitHub.csproj", "{AA900BFD-37DE-4E0C-A969-1B4475370BDB}"
EndProject
Project("{FAE04EC0-301F-11D3-BF4B-00C04F79EFBC}") = "DiscordGitToolbox.GitHub.Tests", "DiscordGitToolbox.GitHub.Tests\DiscordGitToolbox.GitHub.Tests.csproj", "{CEBCA8DF-BB8A-4416-83D9-743F61338D4A}"
EndProject
Project("{FAE04EC0-301F-11D3-BF4B-00C04F79EFBC}") = "DiscordGitToolbox.App", "DiscordGitToolbox.App\DiscordGitToolbox.App.csproj", "{347C8431-FCF4-4397-A36A-2E7B7215EE0E}"
EndProject
Project("{FAE04EC0-301F-11D3-BF4B-00C04F79EFBC}") = "DiscordGitToolbox.Discord", "DiscordGitToolbox.Discord\DiscordGitToolbox.Discord.csproj", "{F97EE584-E591-4E18-9665-42238384A46E}"
EndProject
Global
	GlobalSection(SolutionConfigurationPlatforms) = preSolution
		Debug|Any CPU = Debug|Any CPU
		Release|Any CPU = Release|Any CPU
	EndGlobalSection
	GlobalSection(ProjectConfigurationPlatforms) = postSolution
		{D057906A-1CB5-42AE-9054-45670478AEFE}.Debug|Any CPU.ActiveCfg = Debug|Any CPU
		{D057906A-1CB5-42AE-9054-45670478AEFE}.Debug|Any CPU.Build.0 = Debug|Any CPU
		{D057906A-1CB5-42AE-9054-45670478AEFE}.Release|Any CPU.ActiveCfg = Release|Any CPU
		{D057906A-1CB5-42AE-9054-45670478AEFE}.Release|Any CPU.Build.0 = Release|Any CPU
		{AA900BFD-37DE-4E0C-A969-1B4475370BDB}.Debug|Any CPU.ActiveCfg = Debug|Any CPU
		{AA900BFD-37DE-4E0C-A969-1B4475370BDB}.Debug|Any CPU.Build.0 = Debug|Any CPU
		{AA900BFD-37DE-4E0C-A969-1B4475370BDB}.Release|Any CPU.ActiveCfg = Release|Any CPU
		{AA900BFD-37DE-4E0C-A969-1B4475370BDB}.Release|Any CPU.Build.0 = Release|Any CPU
		{CEBCA8DF-BB8A-4416-83D9-743F61338D4A}.Debug|Any CPU.ActiveCfg = Debug|Any CPU
		{CEBCA8DF-BB8A-4416-83D9-743F61338D4A}.Debug|Any CPU.Build.0 = Debug|Any CPU
		{CEBCA8DF-BB8A-4416-83D9-743F61338D4A}.Release|Any CPU.ActiveCfg = Release|Any CPU
		{CEBCA8DF-BB8A-4416-83D9-743F61338D4A}.Release|Any CPU.Build.0 = Release|Any CPU
		{347C8431-FCF4-4397-A36A-2E7B7215EE0E}.Debug|Any CPU.ActiveCfg = Debug|Any CPU
		{347C8431-FCF4-4397-A36A-2E7B7215EE0E}.Debug|Any CPU.Build.0 = Debug|Any CPU
		{347C8431-FCF4-4397-A36A-2E7B7215EE0E}.Release|Any CPU.ActiveCfg = Release|Any CPU
		{347C8431-FCF4-4397-A36A-2E7B7215EE0E}.Release|Any CPU.Build.0 = Release|Any CPU
		{F97EE584-E591-4E18-9665-42238384A46E}.Debug|Any CPU.ActiveCfg = Debug|Any CPU
		{F97EE584-E591-4E18-9665-42238384A46E}.Debug|Any CPU.Build.0 = Debug|Any CPU
		{F97EE584-E591-4E18-9665-42238384A46E}.Release|Any CPU.ActiveCfg = Release|Any CPU
		{F97EE584-E591-4E18-9665-42238384A46E}.Release|Any CPU.Build.0 = Release|Any CPU
	EndGlobalSection
EndGlobal
